
Microsoft Visual Studio Solution File, Format Version 12.00
# Visual Studio Version 17
VisualStudioVersion = 17.14.36623.8 d17.14
MinimumVisualStudioVersion = 10.0.40219.1
Project("{FAE04EC0-301F-11D3-BF4B-00C04F79EFBC}") = "QL_BAN_HANG", "QL_BAN_HANG\QL_BAN_HANG.csproj", "{1DE63793-323E-41F5-A0CE-3D1FA534D2A4}"
EndProject
Project("{FAE04EC0-301F-11D3-BF4B-00C04F79EFBC}") = "Cua_Hang_Tra_Sua", "Cua_Hang_Tra_Sua\Cua_Hang_Tra_Sua.csproj", "{8C220D39-08C0-4EF0-9213-8FEA5F19573D}"
EndProject
Global
	GlobalSection(SolutionConfigurationPlatforms) = preSolution
		Debug|Any CPU = Debug|Any CPU
		Release|Any CPU = Release|Any CPU
	EndGlobalSection
	GlobalSection(ProjectConfigurationPlatforms) = postSolution
		{1DE63793-323E-41F5-A0CE-3D1FA534D2A4}.Debug|Any CPU.ActiveCfg = Debug|Any CPU
		{1DE63793-323E-41F5-A0CE-3D1FA534D2A4}.Debug|Any CPU.Build.0 = Debug|Any CPU
		{1DE63793-323E-41F5-A0CE-3D1FA534D2A4}.Release|Any CPU.ActiveCfg = Release|Any CPU
		{1DE63793-323E-41F5-A0CE-3D1FA534D2A4}.Release|Any CPU.Build.0 = Release|Any CPU
		{8C220D39-08C0-4EF0-9213-8FEA5F19573D}.Debug|Any CPU.ActiveCfg = Debug|Any CPU
		{8C220D39-08C0-4EF0-9213-8FEA5F19573D}.Debug|Any CPU.Build.0 = Debug|Any CPU
		{8C220D39-08C0-4EF0-9213-8FEA5F19573D}.Release|Any CPU.ActiveCfg = Release|Any CPU
		{8C220D39-08C0-4EF0-9213-8FEA5F19573D}.Release|Any CPU.Build.0 = Release|Any CPU
	EndGlobalSection
	GlobalSection(SolutionProperties) = preSolution
		HideSolutionNode = FALSE
	EndGlobalSection
	GlobalSection(ExtensibilityGlobals) = postSolution
		SolutionGuid = {8E36822E-03C7-4110-8C50-280DE18145DB}
	EndGlobalSection
EndGlobal
